
Microsoft Visual Studio Solution File, Format Version 12.00
# Visual Studio 2013
VisualStudioVersion = 12.0.31101.0
MinimumVisualStudioVersion = 10.0.40219.1
Project("{8BC9CEB8-8B4A-11D0-8D11-00A0C91BC942}") = "01_HelloWorld", "01_HelloWorld\01_HelloWorld.vcxproj", "{9B56F450-761E-4C9D-A753-47E9207FD1D0}"
EndProject
Project("{8BC9CEB8-8B4A-11D0-8D11-00A0C91BC942}") = "03_Calculation", "03_Calculation\03_Calculation.vcxproj", "{0A8EBE7F-6DB5-4DF6-A2ED-170177569662}"
EndProject
Project("{8BC9CEB8-8B4A-11D0-8D11-00A0C91BC942}") = "02_PrintValue", "02_PrintValue\02_PrintValue.vcxproj", "{C9DD0CE6-6A86-4847-BB04-41B8B423E05A}"
EndProject
Project("{8BC9CEB8-8B4A-11D0-8D11-00A0C91BC942}") = "04_Jump", "04_Jump\04_Jump.vcxproj", "{C38AB2EB-9410-41C2-9828-E711D210A2A9}"
EndProject
Project("{8BC9CEB8-8B4A-11D0-8D11-00A0C91BC942}") = "05_Condition", "05_Condition\05_Condition.vcxproj", "{4B6E8608-18CA-4B72-872C-2165B155BB23}"
EndProject
Project("{8BC9CEB8-8B4A-11D0-8D11-00A0C91BC942}") = "06_Loop", "06_Loop\06_Loop.vcxproj", "{16D65C12-6407-4C48-A720-C9F40714E25D}"
EndProject
Project("{8BC9CEB8-8B4A-11D0-8D11-00A0C91BC942}") = "07_Procedure", "07_Procedure\07_Procedure.vcxproj", "{9B8AB7FA-7902-49A3-8A57-E3C8AFE604C0}"
EndProject
Project("{8BC9CEB8-8B4A-11D0-8D11-00A0C91BC942}") = "08_Memory", "08_Memory\08_Memory.vcxproj", "{688C5E80-EFCF-4B10-B95B-99B027B6DAEE}"
EndProject
Project("{8BC9CEB8-8B4A-11D0-8D11-00A0C91BC942}") = "09_LocalVariable", "09_LocalVariable\09_LocalVariable.vcxproj", "{C81FAAC8-A17E-4621-87AE-F65061D180AF}"
EndProject
Project("{8BC9CEB8-8B4A-11D0-8D11-00A0C91BC942}") = "10_LocVarSp", "10_LocVarSp\10_LocVarSp.vcxproj", "{0A5612ED-6D33-4B44-83FA-1A023B9F711A}"
EndProject
Project("{8BC9CEB8-8B4A-11D0-8D11-00A0C91BC942}") = "11_LocVarBp", "11_LocVarBp\11_LocVarBp.vcxproj", "{D46BF345-E2F9-4202-9BBC-BBCF6AEAD437}"
EndProject
Project("{8BC9CEB8-8B4A-11D0-8D11-00A0C91BC942}") = "12_PushPop", "12_PushPop\12_PushPop.vcxproj", "{26466756-8C44-444A-9EB9-38DE517E3066}"
EndProject
Project("{8BC9CEB8-8B4A-11D0-8D11-00A0C91BC942}") = "13_SpProc", "13_SpProc\13_SpProc.vcxproj", "{CC646B15-30F5-41FA-BD1B-4B0A40A99123}"
EndProject
Project("{8BC9CEB8-8B4A-11D0-8D11-00A0C91BC942}") = "00_CIL", "00_CIL\00_CIL.vcxproj", "{73C1CE2B-7942-4200-8098-8D5F03D658F3}"
EndProject
Project("{8BC9CEB8-8B4A-11D0-8D11-00A0C91BC942}") = "14_SpArrange", "14_SpArrange\14_SpArrange.vcxproj", "{83409CBF-B599-4604-81CD-430D7224267C}"
EndProject
Project("{8BC9CEB8-8B4A-11D0-8D11-00A0C91BC942}") = "15_SpSolution", "15_SpSolution\15_SpSolution.vcxproj", "{47B16CC4-692F-4315-B3F3-E3FF21A35B08}"
EndProject
Project("{8BC9CEB8-8B4A-11D0-8D11-00A0C91BC942}") = "16_ProcNaked", "16_ProcNaked\16_ProcNaked.vcxproj", "{F07E126A-4006-4414-B916-06AEF799445F}"
EndProject
Global
	GlobalSection(SolutionConfigurationPlatforms) = preSolution
		Debug|Win32 = Debug|Win32
		Release|Win32 = Release|Win32
	EndGlobalSection
	GlobalSection(ProjectConfigurationPlatforms) = postSolution
		{9B56F450-761E-4C9D-A753-47E9207FD1D0}.Debug|Win32.ActiveCfg = Debug|Win32
		{9B56F450-761E-4C9D-A753-47E9207FD1D0}.Debug|Win32.Build.0 = Debug|Win32
		{9B56F450-761E-4C9D-A753-47E9207FD1D0}.Release|Win32.ActiveCfg = Release|Win32
		{9B56F450-761E-4C9D-A753-47E9207FD1D0}.Release|Win32.Build.0 = Release|Win32
		{0A8EBE7F-6DB5-4DF6-A2ED-170177569662}.Debug|Win32.ActiveCfg = Debug|Win32
		{0A8EBE7F-6DB5-4DF6-A2ED-170177569662}.Debug|Win32.Build.0 = Debug|Win32
		{0A8EBE7F-6DB5-4DF6-A2ED-170177569662}.Release|Win32.ActiveCfg = Release|Win32
		{0A8EBE7F-6DB5-4DF6-A2ED-170177569662}.Release|Win32.Build.0 = Release|Win32
		{C9DD0CE6-6A86-4847-BB04-41B8B423E05A}.Debug|Win32.ActiveCfg = Debug|Win32
		{C9DD0CE6-6A86-4847-BB04-41B8B423E05A}.Debug|Win32.Build.0 = Debug|Win32
		{C9DD0CE6-6A86-4847-BB04-41B8B423E05A}.Release|Win32.ActiveCfg = Release|Win32
		{C9DD0CE6-6A86-4847-BB04-41B8B423E05A}.Release|Win32.Build.0 = Release|Win32
		{C38AB2EB-9410-41C2-9828-E711D210A2A9}.Debug|Win32.ActiveCfg = Debug|Win32
		{C38AB2EB-9410-41C2-9828-E711D210A2A9}.Debug|Win32.Build.0 = Debug|Win32
		{C38AB2EB-9410-41C2-9828-E711D210A2A9}.Release|Win32.ActiveCfg = Release|Win32
		{C38AB2EB-9410-41C2-9828-E711D210A2A9}.Release|Win32.Build.0 = Release|Win32
		{4B6E8608-18CA-4B72-872C-2165B155BB23}.Debug|Win32.ActiveCfg = Debug|Win32
		{4B6E8608-18CA-4B72-872C-2165B155BB23}.Debug|Win32.Build.0 = Debug|Win32
		{4B6E8608-18CA-4B72-872C-2165B155BB23}.Release|Win32.ActiveCfg = Release|Win32
		{4B6E8608-18CA-4B72-872C-2165B155BB23}.Release|Win32.Build.0 = Release|Win32
		{16D65C12-6407-4C48-A720-C9F40714E25D}.Debug|Win32.ActiveCfg = Debug|Win32
		{16D65C12-6407-4C48-A720-C9F40714E25D}.Debug|Win32.Build.0 = Debug|Win32
		{16D65C12-6407-4C48-A720-C9F40714E25D}.Release|Win32.ActiveCfg = Release|Win32
		{16D65C12-6407-4C48-A720-C9F40714E25D}.Release|Win32.Build.0 = Release|Win32
		{9B8AB7FA-7902-49A3-8A57-E3C8AFE604C0}.Debug|Win32.ActiveCfg = Debug|Win32
		{9B8AB7FA-7902-49A3-8A57-E3C8AFE604C0}.Debug|Win32.Build.0 = Debug|Win32
		{9B8AB7FA-7902-49A3-8A57-E3C8AFE604C0}.Release|Win32.ActiveCfg = Release|Win32
		{9B8AB7FA-7902-49A3-8A57-E3C8AFE604C0}.Release|Win32.Build.0 = Release|Win32
		{688C5E80-EFCF-4B10-B95B-99B027B6DAEE}.Debug|Win32.ActiveCfg = Debug|Win32
		{688C5E80-EFCF-4B10-B95B-99B027B6DAEE}.Debug|Win32.Build.0 = Debug|Win32
		{688C5E80-EFCF-4B10-B95B-99B027B6DAEE}.Release|Win32.ActiveCfg = Release|Win32
		{688C5E80-EFCF-4B10-B95B-99B027B6DAEE}.Release|Win32.Build.0 = Release|Win32
		{C81FAAC8-A17E-4621-87AE-F65061D180AF}.Debug|Win32.ActiveCfg = Debug|Win32
		{C81FAAC8-A17E-4621-87AE-F65061D180AF}.Debug|Win32.Build.0 = Debug|Win32
		{C81FAAC8-A17E-4621-87AE-F65061D180AF}.Release|Win32.ActiveCfg = Release|Win32
		{C81FAAC8-A17E-4621-87AE-F65061D180AF}.Release|Win32.Build.0 = Release|Win32
		{0A5612ED-6D33-4B44-83FA-1A023B9F711A}.Debug|Win32.ActiveCfg = Debug|Win32
		{0A5612ED-6D33-4B44-83FA-1A023B9F711A}.Debug|Win32.Build.0 = Debug|Win32
		{0A5612ED-6D33-4B44-83FA-1A023B9F711A}.Release|Win32.ActiveCfg = Release|Win32
		{0A5612ED-6D33-4B44-83FA-1A023B9F711A}.Release|Win32.Build.0 = Release|Win32
		{D46BF345-E2F9-4202-9BBC-BBCF6AEAD437}.Debug|Win32.ActiveCfg = Debug|Win32
		{D46BF345-E2F9-4202-9BBC-BBCF6AEAD437}.Debug|Win32.Build.0 = Debug|Win32
		{D46BF345-E2F9-4202-9BBC-BBCF6AEAD437}.Release|Win32.ActiveCfg = Release|Win32
		{D46BF345-E2F9-4202-9BBC-BBCF6AEAD437}.Release|Win32.Build.0 = Release|Win32
		{26466756-8C44-444A-9EB9-38DE517E3066}.Debug|Win32.ActiveCfg = Debug|Win32
		{26466756-8C44-444A-9EB9-38DE517E3066}.Debug|Win32.Build.0 = Debug|Win32
		{26466756-8C44-444A-9EB9-38DE517E3066}.Release|Win32.ActiveCfg = Release|Win32
		{26466756-8C44-444A-9EB9-38DE517E3066}.Release|Win32.Build.0 = Release|Win32
		{CC646B15-30F5-41FA-BD1B-4B0A40A99123}.Debug|Win32.ActiveCfg = Debug|Win32
		{CC646B15-30F5-41FA-BD1B-4B0A40A99123}.Debug|Win32.Build.0 = Debug|Win32
		{CC646B15-30F5-41FA-BD1B-4B0A40A99123}.Release|Win32.ActiveCfg = Release|Win32
		{CC646B15-30F5-41FA-BD1B-4B0A40A99123}.Release|Win32.Build.0 = Release|Win32
		{73C1CE2B-7942-4200-8098-8D5F03D658F3}.Debug|Win32.ActiveCfg = Debug|Win32
		{73C1CE2B-7942-4200-8098-8D5F03D658F3}.Debug|Win32.Build.0 = Debug|Win32
		{73C1CE2B-7942-4200-8098-8D5F03D658F3}.Release|Win32.ActiveCfg = Release|Win32
		{73C1CE2B-7942-4200-8098-8D5F03D658F3}.Release|Win32.Build.0 = Release|Win32
		{83409CBF-B599-4604-81CD-430D7224267C}.Debug|Win32.ActiveCfg = Debug|Win32
		{83409CBF-B599-4604-81CD-430D7224267C}.Debug|Win32.Build.0 = Debug|Win32
		{83409CBF-B599-4604-81CD-430D7224267C}.Release|Win32.ActiveCfg = Release|Win32
		{83409CBF-B599-4604-81CD-430D7224267C}.Release|Win32.Build.0 = Release|Win32
		{47B16CC4-692F-4315-B3F3-E3FF21A35B08}.Debug|Win32.ActiveCfg = Debug|Win32
		{47B16CC4-692F-4315-B3F3-E3FF21A35B08}.Debug|Win32.Build.0 = Debug|Win32
		{47B16CC4-692F-4315-B3F3-E3FF21A35B08}.Release|Win32.ActiveCfg = Release|Win32
		{47B16CC4-692F-4315-B3F3-E3FF21A35B08}.Release|Win32.Build.0 = Release|Win32
		{F07E126A-4006-4414-B916-06AEF799445F}.Debug|Win32.ActiveCfg = Debug|Win32
		{F07E126A-4006-4414-B916-06AEF799445F}.Debug|Win32.Build.0 = Debug|Win32
		{F07E126A-4006-4414-B916-06AEF799445F}.Release|Win32.ActiveCfg = Release|Win32
		{F07E126A-4006-4414-B916-06AEF799445F}.Release|Win32.Build.0 = Release|Win32
	EndGlobalSection
	GlobalSection(SolutionProperties) = preSolution
		HideSolutionNode = FALSE
	EndGlobalSection
EndGlobal
